lockfileVersion: '6.0'

settings:
  autoInstallPeers: true
  excludeLinksFromLockfile: false

dependencies:
  duenamodb:
    specifier: ../
    version: link:..

devDependencies:
  dynamodb-local:
    specifier: ^0.0.31
    version: 0.0.31
  ts-node:
    specifier: ^10.5.0
    version: 10.9.2(@types/node@20.11.6)(typescript@4.9.5)
  typescript:
    specifier: ^4.5.5
    version: 4.9.5

packages:

  /@cspotcode/source-map-support@0.8.1:
    resolution: {integrity: sha512-IchNf6dN4tHoMFIn/7OE8LWZ19Y6q/67Bmf6vnGREv8RSbBVb9LPJxEcnwrcwX6ixSvaiGoomAUvu4YSxXrVgw==}
    engines: {node: '>=12'}
    dependencies:
      '@jridgewell/trace-mapping': 0.3.9
    dev: true

  /@jridgewell/resolve-uri@3.1.1:
    resolution: {integrity: sha512-dSYZh7HhCDtCKm4QakX0xFpsRDqjjtZf/kjI/v3T3Nwt5r8/qz/M19F9ySyOqU94SXBmeG9ttTul+YnR4LOxFA==}
    engines: {node: '>=6.0.0'}
    dev: true

  /@jridgewell/sourcemap-codec@1.4.15:
    resolution: {integrity: sha512-eF2rxCRulEKXHTRiDrDy6erMYWqNw4LPdQ8UQA4huuxaQsVeRPFl2oM8oDGxMFhJUWZf9McpLtJasDDZb/Bpeg==}
    dev: true

  /@jridgewell/trace-mapping@0.3.9:
    resolution: {integrity: sha512-3Belt6tdc8bPgAtbcmdtNJlirVoTmEb5e2gC94PnkwEW9jI6CAHUeoG85tjWP5WquqfavoMtMwiG4P926ZKKuQ==}
    dependencies:
      '@jridgewell/resolve-uri': 3.1.1
      '@jridgewell/sourcemap-codec': 1.4.15
    dev: true

  /@tsconfig/node10@1.0.9:
    resolution: {integrity: sha512-jNsYVVxU8v5g43Erja32laIDHXeoNvFEpX33OK4d6hljo3jDhCBDhx5dhCCTMWUojscpAagGiRkBKxpdl9fxqA==}
    dev: true

  /@tsconfig/node12@1.0.11:
    resolution: {integrity: sha512-cqefuRsh12pWyGsIoBKJA9luFu3mRxCA+ORZvA4ktLSzIuCUtWVxGIuXigEwO5/ywWFMZ2QEGKWvkZG1zDMTag==}
    dev: true

  /@tsconfig/node14@1.0.3:
    resolution: {integrity: sha512-ysT8mhdixWK6Hw3i1V2AeRqZ5WfXg1G43mqoYlM2nc6388Fq5jcXyr5mRsqViLx/GJYdoL0bfXD8nmF+Zn/Iow==}
    dev: true

  /@tsconfig/node16@1.0.4:
    resolution: {integrity: sha512-vxhUy4J8lyeyinH7Azl1pdd43GJhZH/tP2weN8TntQblOY+A0XbT8DJk1/oCPuOOyg/Ja757rG0CgHcWC8OfMA==}
    dev: true

  /@types/node@20.11.6:
    resolution: {integrity: sha512-+EOokTnksGVgip2PbYbr3xnR7kZigh4LbybAfBAw5BpnQ+FqBYUsvCEjYd70IXKlbohQ64mzEYmMtlWUY8q//Q==}
    dependencies:
      undici-types: 5.26.5
    dev: true

  /acorn-walk@8.3.2:
    resolution: {integrity: sha512-cjkyv4OtNCIeqhHrfS81QWXoCBPExR/J62oyEqepVw8WaQeSqpW2uhuLPh1m9eWhDuOo/jUXVTlifvesOWp/4A==}
    engines: {node: '>=0.4.0'}
    dev: true

  /acorn@8.11.3:
    resolution: {integrity: sha512-Y9rRfJG5jcKOE0CLisYbojUjIrIEE7AGMzA/Sm4BslANhbS+cDMpgBdcPT91oJ7OuJ9hYJBx59RjbhxVnrF8Xg==}
    engines: {node: '>=0.4.0'}
    hasBin: true
    dev: true

  /arg@4.1.3:
    resolution: {integrity: sha512-58S9QDqG0Xx27YwPSt9fJxivjYl432YCwfDMfZ+71RAqUrZef7LrKQZ3LHLOwCS4FLNBplP533Zx895SeOCHvA==}
    dev: true

  /chownr@1.1.4:
    resolution: {integrity: sha512-jJ0bqzaylmJtVnNgzTeSOs8DPavpbYgEr/b0YL8/2GO3xJEhInFmhKMUnEJQjZumK7KXGFhUy89PrsJWlakBVg==}
    dev: true

  /create-require@1.1.1:
    resolution: {integrity: sha512-dcKFX3jn0MpIaXjisoRvexIJVEKzaq7z2rZKxf+MSr9TkdmHmsU4m2lcLojrj/FHl8mk5VxMmYA+ftRkP/3oKQ==}
    dev: true

  /debug@4.1.1:
    resolution: {integrity: sha512-pYAIzeRo8J6KPEaJ0VWOh5Pzkbw/RetuzehGM7QRRX5he4fPHx2rdKMB256ehJCkX+XRQm16eZLqLNS8RSZXZw==}
    deprecated: Debug versions >=3.2.0 <3.2.7 || >=4 <4.3.1 have a low-severity ReDos regression when used in a Node.js environment. It is recommended you upgrade to 3.2.7 or 4.3.1. (https://github.com/visionmedia/debug/issues/797)
    peerDependencies:
      supports-color: '*'
    peerDependenciesMeta:
      supports-color:
        optional: true
    dependencies:
      ms: 2.1.3
    dev: true

  /diff@4.0.2:
    resolution: {integrity: sha512-58lmxKSA4BNyLz+HHMUzlOEpg09FV+ev6ZMe3vJihgdxzgcwZ8VoEEPmALCZG9LmqfVoNMMKpttIYTVG6uDY7A==}
    engines: {node: '>=0.3.1'}
    dev: true

  /dynamodb-local@0.0.31:
    resolution: {integrity: sha512-5Ro47g989oLSC2JKFtPAWWSSicZOkqQrBGwHActqN6zdCZEy/eGvhq7Ki9Lgx/gNE+ksIF2wD6VNff3bjTI8ow==}
    engines: {node: '>= 0.10.33'}
    dependencies:
      debug: 4.1.1
      mkdirp: 0.5.6
      q: 1.4.1
      tar: 4.4.19
    transitivePeerDependencies:
      - supports-color
    dev: true

  /fs-minipass@1.2.7:
    resolution: {integrity: sha512-GWSSJGFy4e9GUeCcbIkED+bgAoFyj7XF1mV8rma3QW4NIqX9Kyx79N/PF61H5udOV3aY1IaMLs6pGbH71nlCTA==}
    dependencies:
      minipass: 2.9.0
    dev: true

  /make-error@1.3.6:
    resolution: {integrity: sha512-s8UhlNe7vPKomQhC1qFelMokr/Sc3AgNbso3n74mVPA5LTZwkB9NlXf4XPamLxJE8h0gh73rM94xvwRT2CVInw==}
    dev: true

  /minimist@1.2.8:
    resolution: {integrity: sha512-2yyAR8qBkN3YuheJanUpWC5U3bb5osDywNB8RzDVlDwDHbocAJveqqj1u8+SVD7jkWT4yvsHCpWqqWqAxb0zCA==}
    dev: true

  /minipass@2.9.0:
    resolution: {integrity: sha512-wxfUjg9WebH+CUDX/CdbRlh5SmfZiy/hpkxaRI16Y9W56Pa75sWgd/rvFilSgrauD9NyFymP/+JFV3KwzIsJeg==}
    dependencies:
      safe-buffer: 5.2.1
      yallist: 3.1.1
    dev: true

  /minizlib@1.3.3:
    resolution: {integrity: sha512-6ZYMOEnmVsdCeTJVE0W9ZD+pVnE8h9Hma/iOwwRDsdQoePpoX56/8B6z3P9VNwppJuBKNRuFDRNRqRWexT9G9Q==}
    dependencies:
      minipass: 2.9.0
    dev: true

  /mkdirp@0.5.6:
    resolution: {integrity: sha512-FP+p8RB8OWpF3YZBCrP5gtADmtXApB5AMLn+vdyA+PyxCjrCs00mjyUozssO33cwDeT3wNGdLxJ5M//YqtHAJw==}
    hasBin: true
    dependencies:
      minimist: 1.2.8
    dev: true

  /ms@2.1.3:
    resolution: {integrity: sha512-6FlzubTLZG3J2a/NVCAleEhjzq5oxgHyaCU9yYXvcLsvoVaHJq/s5xXI6/XXP6tz7R9xAOtHnSO/tXtF3WRTlA==}
    dev: true

  /q@1.4.1:
    resolution: {integrity: sha512-/CdEdaw49VZVmyIDGUQKDDT53c7qBkO6g5CefWz91Ae+l4+cRtcDYwMTXh6me4O8TMldeGHG3N2Bl84V78Ywbg==}
    engines: {node: '>=0.6.0', teleport: '>=0.2.0'}
    dev: true

  /safe-buffer@5.2.1:
    resolution: {integrity: sha512-rp3So07KcdmmKbGvgaNxQSJr7bGVSVk5S9Eq1F+ppbRo70+YeaDxkw5Dd8NPN+GD6bjnYm2VuPuCXmpuYvmCXQ==}
    dev: true

  /tar@4.4.19:
    resolution: {integrity: sha512-a20gEsvHnWe0ygBY8JbxoM4w3SJdhc7ZAuxkLqh+nvNQN2IOt0B5lLgM490X5Hl8FF0dl0tOf2ewFYAlIFgzVA==}
    engines: {node: '>=4.5'}
    dependencies:
      chownr: 1.1.4
      fs-minipass: 1.2.7
      minipass: 2.9.0
      minizlib: 1.3.3
      mkdirp: 0.5.6
      safe-buffer: 5.2.1
      yallist: 3.1.1
    dev: true

  /ts-node@10.9.2(@types/node@20.11.6)(typescript@4.9.5):
    resolution: {integrity: sha512-f0FFpIdcHgn8zcPSbf1dRevwt047YMnaiJM3u2w2RewrB+fob/zePZcrOyQoLMMO7aBIddLcQIEK5dYjkLnGrQ==}
    hasBin: true
    peerDependencies:
      '@swc/core': '>=1.2.50'
      '@swc/wasm': '>=1.2.50'
      '@types/node': '*'
      typescript: '>=2.7'
    peerDependenciesMeta:
      '@swc/core':
        optional: true
      '@swc/wasm':
        optional: true
    dependencies:
      '@cspotcode/source-map-support': 0.8.1
      '@tsconfig/node10': 1.0.9
      '@tsconfig/node12': 1.0.11
      '@tsconfig/node14': 1.0.3
      '@tsconfig/node16': 1.0.4
      '@types/node': 20.11.6
      acorn: 8.11.3
      acorn-walk: 8.3.2
      arg: 4.1.3
      create-require: 1.1.1
      diff: 4.0.2
      make-error: 1.3.6
      typescript: 4.9.5
      v8-compile-cache-lib: 3.0.1
      yn: 3.1.1
    dev: true

  /typescript@4.9.5:
    resolution: {integrity: sha512-1FXk9E2Hm+QzZQ7z+McJiHL4NW1F2EzMu9Nq9i3zAaGqibafqYwCVU6WyWAuyQRRzOlxou8xZSyXLEN8oKj24g==}
    engines: {node: '>=4.2.0'}
    hasBin: true
    dev: true

  /undici-types@5.26.5:
    resolution: {integrity: sha512-JlCMO+ehdEIKqlFxk6IfVoAUVmgz7cU7zD/h9XZ0qzeosSHmUJVOzSQvvYSYWXkFXC+IfLKSIffhv0sVZup6pA==}
    dev: true

  /v8-compile-cache-lib@3.0.1:
    resolution: {integrity: sha512-wa7YjyUGfNZngI/vtK0UHAN+lgDCxBPCylVXGp0zu59Fz5aiGtNXaq3DhIov063MorB+VfufLh3JlF2KdTK3xg==}
    dev: true

  /yallist@3.1.1:
    resolution: {integrity: sha512-a4UGQaWPH59mOXUYnAG2ewncQS4i4F43Tv3JoAM+s2VDAmS9NsK8GpDMLrCHPksFT7h3K6TOoUNn2pb7RoXx4g==}
    dev: true

  /yn@3.1.1:
    resolution: {integrity: sha512-Ux4ygGWsu2c7isFWe8Yu1YluJmqVhxqK2cLXNQA5AcC3QfbGNpM7fu0Y8b/z16pXLnFxZYvWhd3fhBY9DLmC6Q==}
    engines: {node: '>=6'}
    dev: true
